// !$*UTF8*$!
{
	archiveVersion = 1;
	classes = {
	};
	objectVersion = 48;
	objects = {

/* Begin PBXBuildFile section */
		C2DB92C91FEBA8490091B151 /* AppDelegate.m in Sources */ = {isa = PBXBuildFile; fileRef = C2DB92C81FEBA8490091B151 /* AppDelegate.m */; };
		C2DB92CC1FEBA8490091B151 /* ViewController.m in Sources */ = {isa = PBXBuildFile; fileRef = C2DB92CB1FEBA8490091B151 /* ViewController.m */; };
		C2DB92CF1FEBA8490091B151 /* Main.storyboard in Resources */ = {isa = PBXBuildFile; fileRef = C2DB92CD1FEBA8490091B151 /* Main.storyboard */; };
		C2DB92D11FEBA8490091B151 /* Assets.xcassets in Resources */ = {isa = PBXBuildFile; fileRef = C2DB92D01FEBA8490091B151 /* Assets.xcassets */; };
		C2DB92D41FEBA8490091B151 /* LaunchScreen.storyboard in Resources */ = {isa = PBXBuildFile; fileRef = C2DB92D21FEBA8490091B151 /* LaunchScreen.storyboard */; };
		C2DB92D71FEBA8490091B151 /* main.m in Sources */ = {isa = PBXBuildFile; fileRef = C2DB92D61FEBA8490091B151 /* main.m */; };
		C2DB92E11FEBA8490091B151 /* Hybrid_IOSTests.m in Sources */ = {isa = PBXBuildFile; fileRef = C2DB92E01FEBA8490091B151 /* Hybrid_IOSTests.m */; };
		C2DB92EC1FEBA84A0091B151 /* Hybrid_IOSUITests.m in Sources */ = {isa = PBXBuildFile; fileRef = C2DB92EB1FEBA84A0091B151 /* Hybrid_IOSUITests.m */; };
		C2DB92FD1FEBAEE90091B151 /* ScanViewController.m in Sources */ = {isa = PBXBuildFile; fileRef = C2DB92FC1FEBAEE90091B151 /* ScanViewController.m */; };
		C2DB93001FEBB0C00091B151 /* CustomWebViewController.m in Sources */ = {isa = PBXBuildFile; fileRef = C2DB92FF1FEBB0C00091B151 /* CustomWebViewController.m */; };
		C2DB93021FEBE5C80091B151 /* JSBridgeDemo.html in Resources */ = {isa = PBXBuildFile; fileRef = C2DB93011FEBE5C80091B151 /* JSBridgeDemo.html */; };
/* End PBXBuildFile section */

/* Begin PBXContainerItemProxy section */
		C2DB92DD1FEBA8490091B151 /* PBXContainerItemProxy */ = {
			isa = PBXContainerItemProxy;
			containerPortal = C2DB92BC1FEBA8490091B151 /* Project object */;
			proxyType = 1;
			remoteGlobalIDString = C2DB92C31FEBA8490091B151;
			remoteInfo = "Hybrid-IOS";
		};
		C2DB92E81FEBA8490091B151 /* PBXContainerItemProxy */ = {
			isa = PBXContainerItemProxy;
			containerPortal = C2DB92BC1FEBA8490091B151 /* Project object */;
			proxyType = 1;
			remoteGlobalIDString = C2DB92C31FEBA8490091B151;
			remoteInfo = "Hybrid-IOS";
		};
/* End PBXContainerItemProxy section */

/* Begin PBXFileReference section */
		C2DB92C41FEBA8490091B151 /* Hybrid-IOS.app */ = {isa = PBXFileReference; explicitFileType = wrapper.application; includeInIndex = 0; path = "Hybrid-IOS.app"; sourceTree = BUILT_PRODUCTS_DIR; };
		C2DB92C71FEBA8490091B151 /* AppDelegate.h */ = {isa = PBXFileReference; lastKnownFileType = sourcecode.c.h; path = AppDelegate.h; sourceTree = "<group>"; };
		C2DB92C81FEBA8490091B151 /* AppDelegate.m */ = {isa = PBXFileReference; lastKnownFileType = sourcecode.c.objc; path = AppDelegate.m; sourceTree = "<group>"; };
		C2DB92CA1FEBA8490091B151 /* ViewController.h */ = {isa = PBXFileReference; lastKnownFileType = sourcecode.c.h; path = ViewController.h; sourceTree = "<group>"; };
		C2DB92CB1FEBA8490091B151 /* ViewController.m */ = {isa = PBXFileReference; lastKnownFileType = sourcecode.c.objc; path = ViewController.m; sourceTree = "<group>"; };
		C2DB92CE1FEBA8490091B151 /* Base */ = {isa = PBXFileReference; lastKnownFileType = file.storyboard; name = Base; path = Base.lproj/Main.storyboard; sourceTree = "<group>"; };
		C2DB92D01FEBA8490091B151 /* Assets.xcassets */ = {isa = PBXFileReference; lastKnownFileType = folder.assetcatalog; path = Assets.xcassets; sourceTree = "<group>"; };
		C2DB92D31FEBA8490091B151 /* Base */ = {isa = PBXFileReference; lastKnownFileType = file.storyboard; name = Base; path = Base.lproj/LaunchScreen.storyboard; sourceTree = "<group>"; };
		C2DB92D51FEBA8490091B151 /* Info.plist */ = {isa = PBXFileReference; lastKnownFileType = text.plist.xml; path = Info.plist; sourceTree = "<group>"; };
		C2DB92D61FEBA8490091B151 /* main.m */ = {isa = PBXFileReference; lastKnownFileType = sourcecode.c.objc; path = main.m; sourceTree = "<group>"; };
		C2DB92DC1FEBA8490091B151 /* Hybrid-IOSTests.xctest */ = {isa = PBXFileReference; explicitFileType = wrapper.cfbundle; includeInIndex = 0; path = "Hybrid-IOSTests.xctest"; sourceTree = BUILT_PRODUCTS_DIR; };
		C2DB92E01FEBA8490091B151 /* Hybrid_IOSTests.m */ = {isa = PBXFileReference; lastKnownFileType = sourcecode.c.objc; path = Hybrid_IOSTests.m; sourceTree = "<group>"; };
		C2DB92E21FEBA8490091B151 /* Info.plist */ = {isa = PBXFileReference; lastKnownFileType = text.plist.xml; path = Info.plist; sourceTree = "<group>"; };
		C2DB92E71FEBA8490091B151 /* Hybrid-IOSUITests.xctest */ = {isa = PBXFileReference; explicitFileType = wrapper.cfbundle; includeInIndex = 0; path = "Hybrid-IOSUITests.xctest"; sourceTree = BUILT_PRODUCTS_DIR; };
		C2DB92EB1FEBA84A0091B151 /* Hybrid_IOSUITests.m */ = {isa = PBXFileReference; lastKnownFileType = sourcecode.c.objc; path = Hybrid_IOSUITests.m; sourceTree = "<group>"; };
		C2DB92ED1FEBA84A0091B151 /* Info.plist */ = {isa = PBXFileReference; lastKnownFileType = text.plist.xml; path = Info.plist; sourceTree = "<group>"; };
		C2DB92FA1FEBA9990091B151 /* WebKit.framework */ = {isa = PBXFileReference; lastKnownFileType = wrapper.framework; name = WebKit.framework; path = System/Library/Frameworks/WebKit.framework; sourceTree = SDKROOT; };
		C2DB92FB1FEBAEE90091B151 /* ScanViewController.h */ = {isa = PBXFileReference; lastKnownFileType = sourcecode.c.h; path = ScanViewController.h; sourceTree = "<group>"; };
		C2DB92FC1FEBAEE90091B151 /* ScanViewController.m */ = {isa = PBXFileReference; lastKnownFileType = sourcecode.c.objc; path = ScanViewController.m; sourceTree = "<group>"; };
		C2DB92FE1FEBB0C00091B151 /* CustomWebViewController.h */ = {isa = PBXFileReference; lastKnownFileType = sourcecode.c.h; path = CustomWebViewController.h; sourceTree = "<group>"; };
		C2DB92FF1FEBB0C00091B151 /* CustomWebViewController.m */ = {isa = PBXFileReference; lastKnownFileType = sourcecode.c.objc; path = CustomWebViewController.m; sourceTree = "<group>"; };
		C2DB93011FEBE5C80091B151 /* JSBridgeDemo.html */ = {isa = PBXFileReference; lastKnownFileType = text.html; path = JSBridgeDemo.html; sourceTree = "<group>"; };
/* End PBXFileReference section */

/* Begin PBXFrameworksBuildPhase section */
		C2DB92C11FEBA8490091B151 /* Frameworks */ = {
			isa = PBXFrameworksBuildPhase;
			buildActionMask = 2147483647;
			files = (
			);
			runOnlyForDeploymentPostprocessing = 0;
		};
		C2DB92D91FEBA8490091B151 /* Frameworks */ = {
			isa = PBXFrameworksBuildPhase;
			buildActionMask = 2147483647;
			files = (
			);
			runOnlyForDeploymentPostprocessing = 0;
		};
		C2DB92E41FEBA8490091B151 /* Frameworks */ = {
			isa = PBXFrameworksBuildPhase;
			buildActionMask = 2147483647;
			files = (
			);
			runOnlyForDeploymentPostprocessing = 0;
		};
/* End PBXFrameworksBuildPhase section */

/* Begin PBXGroup section */
		C2DB92BB1FEBA8490091B151 = {
			isa = PBXGroup;
			children = (
				C2DB92C61FEBA8490091B151 /* Hybrid-IOS */,
				C2DB92DF1FEBA8490091B151 /* Hybrid-IOSTests */,
				C2DB92EA1FEBA8490091B151 /* Hybrid-IOSUITests */,
				C2DB92C51FEBA8490091B151 /* Products */,
				C2DB92F91FEBA9990091B151 /* Frameworks */,
			);
			sourceTree = "<group>";
		};
		C2DB92C51FEBA8490091B151 /* Products */ = {
			isa = PBXGroup;
			children = (
				C2DB92C41FEBA8490091B151 /* Hybrid-IOS.app */,
				C2DB92DC1FEBA8490091B151 /* Hybrid-IOSTests.xctest */,
				C2DB92E71FEBA8490091B151 /* Hybrid-IOSUITests.xctest */,
			);
			name = Products;
			sourceTree = "<group>";
		};
		C2DB92C61FEBA8490091B151 /* Hybrid-IOS */ = {
			isa = PBXGroup;
			children = (
				C2DB92C71FEBA8490091B151 /* AppDelegate.h */,
				C2DB92C81FEBA8490091B151 /* AppDelegate.m */,
				C2DB92CA1FEBA8490091B151 /* ViewController.h */,
				C2DB92CB1FEBA8490091B151 /* ViewController.m */,
				C2DB92CD1FEBA8490091B151 /* Main.storyboard */,
				C2DB92D01FEBA8490091B151 /* Assets.xcassets */,
				C2DB92D21FEBA8490091B151 /* LaunchScreen.storyboard */,
				C2DB92D51FEBA8490091B151 /* Info.plist */,
				C2DB92D61FEBA8490091B151 /* main.m */,
				C2DB92FB1FEBAEE90091B151 /* ScanViewController.h */,
				C2DB92FC1FEBAEE90091B151 /* ScanViewController.m */,
				C2DB92FE1FEBB0C00091B151 /* CustomWebViewController.h */,
				C2DB92FF1FEBB0C00091B151 /* CustomWebViewController.m */,
				C2DB93011FEBE5C80091B151 /* JSBridgeDemo.html */,
			);
			path = "Hybrid-IOS";
			sourceTree = "<group>";
		};
		C2DB92DF1FEBA8490091B151 /* Hybrid-IOSTests */ = {
			isa = PBXGroup;
			children = (
				C2DB92E01FEBA8490091B151 /* Hybrid_IOSTests.m */,
				C2DB92E21FEBA8490091B151 /* Info.plist */,
			);
			path = "Hybrid-IOSTests";
			sourceTree = "<group>";
		};
		C2DB92EA1FEBA8490091B151 /* Hybrid-IOSUITests */ = {
			isa = PBXGroup;
			children = (
				C2DB92EB1FEBA84A0091B151 /* Hybrid_IOSUITests.m */,
				C2DB92ED1FEBA84A0091B151 /* Info.plist */,
			);
			path = "Hybrid-IOSUITests";
			sourceTree = "<group>";
		};
		C2DB92F91FEBA9990091B151 /* Frameworks */ = {
			isa = PBXGroup;
			children = (
				C2DB92FA1FEBA9990091B151 /* WebKit.framework */,
			);
			name = Frameworks;
			sourceTree = "<group>";
		};
/* End PBXGroup section */

/* Begin PBXNativeTarget section */
		C2DB92C31FEBA8490091B151 /* Hybrid-IOS */ = {
			isa = PBXNativeTarget;
			buildConfigurationList = C2DB92F01FEBA84A0091B151 /* Build configuration list for PBXNativeTarget "Hybrid-IOS" */;
			buildPhases = (
				C2DB92C01FEBA8490091B151 /* Sources */,
				C2DB92C11FEBA8490091B151 /* Frameworks */,
				C2DB92C21FEBA8490091B151 /* Resources */,
			);
			buildRules = (
			);
			dependencies = (
			);
			name = "Hybrid-IOS";
			productName = "Hybrid-IOS";
			productReference = C2DB92C41FEBA8490091B151 /* Hybrid-IOS.app */;
			productType = "com.apple.product-type.application";
		};
		C2DB92DB1FEBA8490091B151 /* Hybrid-IOSTests */ = {
			isa = PBXNativeTarget;
			buildConfigurationList = C2DB92F31FEBA84A0091B151 /* Build configuration list for PBXNativeTarget "Hybrid-IOSTests" */;
			buildPhases = (
				C2DB92D81FEBA8490091B151 /* Sources */,
				C2DB92D91FEBA8490091B151 /* Frameworks */,
				C2DB92DA1FEBA8490091B151 /* Resources */,
			);
			buildRules = (
			);
			dependencies = (
				C2DB92DE1FEBA8490091B151 /* PBXTargetDependency */,
			);
			name = "Hybrid-IOSTests";
			productName = "Hybrid-IOSTests";
			productReference = C2DB92DC1FEBA8490091B151 /* Hybrid-IOSTests.xctest */;
			productType = "com.apple.product-type.bundle.unit-test";
		};
		C2DB92E61FEBA8490091B151 /* Hybrid-IOSUITests */ = {
			isa = PBXNativeTarget;
			buildConfigurationList = C2DB92F61FEBA84A0091B151 /* Build configuration list for PBXNativeTarget "Hybrid-IOSUITests" */;
			buildPhases = (
				C2DB92E31FEBA8490091B151 /* Sources */,
				C2DB92E41FEBA8490091B151 /* Frameworks */,
				C2DB92E51FEBA8490091B151 /* Resources */,
			);
			buildRules = (
			);
			dependencies = (
				C2DB92E91FEBA8490091B151 /* PBXTargetDependency */,
			);
			name = "Hybrid-IOSUITests";
			productName = "Hybrid-IOSUITests";
			productReference = C2DB92E71FEBA8490091B151 /* Hybrid-IOSUITests.xctest */;
			productType = "com.apple.product-type.bundle.ui-testing";
		};
/* End PBXNativeTarget section */

/* Begin PBXProject section */
		C2DB92BC1FEBA8490091B151 /* Project object */ = {
			isa = PBXProject;
			attributes = {
				LastUpgradeCheck = 0910;
				ORGANIZATIONNAME = "冯德旺";
				TargetAttributes = {
					C2DB92C31FEBA8490091B151 = {
						CreatedOnToolsVersion = 9.1;
						ProvisioningStyle = Automatic;
					};
					C2DB92DB1FEBA8490091B151 = {
						CreatedOnToolsVersion = 9.1;
						ProvisioningStyle = Automatic;
						TestTargetID = C2DB92C31FEBA8490091B151;
					};
					C2DB92E61FEBA8490091B151 = {
						CreatedOnToolsVersion = 9.1;
						ProvisioningStyle = Automatic;
						TestTargetID = C2DB92C31FEBA8490091B151;
					};
				};
			};
			buildConfigurationList = C2DB92BF1FEBA8490091B151 /* Build configuration list for PBXProject "Hybrid-IOS" */;
			compatibilityVersion = "Xcode 8.0";
			developmentRegion = en;
			hasScannedForEncodings = 0;
			knownRegions = (
				en,
				Base,
			);
			mainGroup = C2DB92BB1FEBA8490091B151;
			productRefGroup = C2DB92C51FEBA8490091B151 /* Products */;
			projectDirPath = "";
			projectRoot = "";
			targets = (
				C2DB92C31FEBA8490091B151 /* Hybrid-IOS */,
				C2DB92DB1FEBA8490091B151 /* Hybrid-IOSTests */,
				C2DB92E61FEBA8490091B151 /* Hybrid-IOSUITests */,
			);
		};
/* End PBXProject section */

/* Begin PBXResourcesBuildPhase section */
		C2DB92C21FEBA8490091B151 /* Resources */ = {
			isa = PBXResourcesBuildPhase;
			buildActionMask = 2147483647;
			files = (
				C2DB92D41FEBA8490091B151 /* LaunchScreen.storyboard in Resources */,
				C2DB92D11FEBA8490091B151 /* Assets.xcassets in Resources */,
				C2DB92CF1FEBA8490091B151 /* Main.storyboard in Resources */,
				C2DB93021FEBE5C80091B151 /* JSBridgeDemo.html in Resources */,
			);
			runOnlyForDeploymentPostprocessing = 0;
		};
		C2DB92DA1FEBA8490091B151 /* Resources */ = {
			isa = PBXResourcesBuildPhase;
			buildActionMask = 2147483647;
			files = (
			);
			runOnlyForDeploymentPostprocessing = 0;
		};
		C2DB92E51FEBA8490091B151 /* Resources */ = {
			isa = PBXResourcesBuildPhase;
			buildActionMask = 2147483647;
			files = (
			);
			runOnlyForDeploymentPostprocessing = 0;
		};
/* End PBXResourcesBuildPhase section */

/* Begin PBXSourcesBuildPhase section */
		C2DB92C01FEBA8490091B151 /* Sources */ = {
			isa = PBXSourcesBuildPhase;
			buildActionMask = 2147483647;
			files = (
				C2DB92CC1FEBA8490091B151 /* ViewController.m in Sources */,
				C2DB92D71FEBA8490091B151 /* main.m in Sources */,
				C2DB93001FEBB0C00091B151 /* CustomWebViewController.m in Sources */,
				C2DB92C91FEBA8490091B151 /* AppDelegate.m in Sources */,
				C2DB92FD1FEBAEE90091B151 /* ScanViewController.m in Sources */,
			);
			runOnlyForDeploymentPostprocessing = 0;
		};
		C2DB92D81FEBA8490091B151 /* Sources */ = {
			isa = PBXSourcesBuildPhase;
			buildActionMask = 2147483647;
			files = (
				C2DB92E11FEBA8490091B151 /* Hybrid_IOSTests.m in Sources */,
			);
			runOnlyForDeploymentPostprocessing = 0;
		};
		C2DB92E31FEBA8490091B151 /* Sources */ = {
			isa = PBXSourcesBuildPhase;
			buildActionMask = 2147483647;
			files = (
				C2DB92EC1FEBA84A0091B151 /* Hybrid_IOSUITests.m in Sources */,
			);
			runOnlyForDeploymentPostprocessing = 0;
		};
/* End PBXSourcesBuildPhase section */

/* Begin PBXTargetDependency section */
		C2DB92DE1FEBA8490091B151 /* PBXTargetDependency */ = {
			isa = PBXTargetDependency;
			target = C2DB92C31FEBA8490091B151 /* Hybrid-IOS */;
			targetProxy = C2DB92DD1FEBA8490091B151 /* PBXContainerItemProxy */;
		};
		C2DB92E91FEBA8490091B151 /* PBXTargetDependency */ = {
			isa = PBXTargetDependency;
			target = C2DB92C31FEBA8490091B151 /* Hybrid-IOS */;
			targetProxy = C2DB92E81FEBA8490091B151 /* PBXContainerItemProxy */;
		};
/* End PBXTargetDependency section */

/* Begin PBXVariantGroup section */
		C2DB92CD1FEBA8490091B151 /* Main.storyboard */ = {
			isa = PBXVariantGroup;
			children = (
				C2DB92CE1FEBA8490091B151 /* Base */,
			);
			name = Main.storyboard;
			sourceTree = "<group>";
		};
		C2DB92D21FEBA8490091B151 /* LaunchScreen.storyboard */ = {
			isa = PBXVariantGroup;
			children = (
				C2DB92D31FEBA8490091B151 /* Base */,
			);
			name = LaunchScreen.storyboard;
			sourceTree = "<group>";
		};
/* End PBXVariantGroup section */

/* Begin XCBuildConfiguration section */
		C2DB92EE1FEBA84A0091B151 /* Debug */ = {
			isa = XCBuildConfiguration;
			buildSettings = {
				ALWAYS_SEARCH_USER_PATHS = NO;
				CLANG_ANALYZER_NONNULL = YES;
				CLANG_ANALYZER_NUMBER_OBJECT_CONVERSION = YES_AGGRESSIVE;
				CLANG_CXX_LANGUAGE_STANDARD = "gnu++14";
				CLANG_CXX_LIBRARY = "libc++";
				CLANG_ENABLE_MODULES = YES;
				CLANG_ENABLE_OBJC_ARC = YES;
				CLANG_WARN_BLOCK_CAPTURE_AUTORELEASING = YES;
				CLANG_WARN_BOOL_CONVERSION = YES;
				CLANG_WARN_COMMA = YES;
				CLANG_WARN_CONSTANT_CONVERSION = YES;
				CLANG_WARN_DIRECT_OBJC_ISA_USAGE = YES_ERROR;
				CLANG_WARN_DOCUMENTATION_COMMENTS = YES;
				CLANG_WARN_EMPTY_BODY = YES;
				CLANG_WARN_ENUM_CONVERSION = YES;
				CLANG_WARN_INFINITE_RECURSION = YES;
				CLANG_WARN_INT_CONVERSION = YES;
				CLANG_WARN_NON_LITERAL_NULL_CONVERSION = YES;
				CLANG_WARN_OBJC_LITERAL_CONVERSION = YES;
				CLANG_WARN_OBJC_ROOT_CLASS = YES_ERROR;
				CLANG_WARN_RANGE_LOOP_ANALYSIS = YES;
				CLANG_WARN_STRICT_PROTOTYPES = YES;
				CLANG_WARN_SUSPICIOUS_MOVE = YES;
				CLANG_WARN_UNGUARDED_AVAILABILITY = YES_AGGRESSIVE;
				CLANG_WARN_UNREACHABLE_CODE = YES;
				CLANG_WARN__DUPLICATE_METHOD_MATCH = YES;
				CODE_SIGN_IDENTITY = "iPhone Developer";
				COPY_PHASE_STRIP = NO;
				DEBUG_INFORMATION_FORMAT = dwarf;
				ENABLE_STRICT_OBJC_MSGSEND = YES;
				ENABLE_TESTABILITY = YES;
				GCC_C_LANGUAGE_STANDARD = gnu11;
				GCC_DYNAMIC_NO_PIC = NO;
				GCC_NO_COMMON_BLOCKS = YES;
				GCC_OPTIMIZATION_LEVEL = 0;
				GCC_PREPROCESSOR_DEFINITIONS = (
					"DEBUG=1",
					"$(inherited)",
				);
				GCC_WARN_64_TO_32_BIT_CONVERSION = YES;
				GCC_WARN_ABOUT_RETURN_TYPE = YES_ERROR;
				GCC_WARN_UNDECLARED_SELECTOR = YES;
				GCC_WARN_UNINITIALIZED_AUTOS = YES_AGGRESSIVE;
				GCC_WARN_UNUSED_FUNCTION = YES;
				GCC_WARN_UNUSED_VARIABLE = YES;
				IPHONEOS_DEPLOYMENT_TARGET = 11.1;
				MTL_ENABLE_DEBUG_INFO = YES;
				ONLY_ACTIVE_ARCH = YES;
				SDKROOT = iphoneos;
			};
			name = Debug;
		};
		C2DB92EF1FEBA84A0091B151 /* Release */ = {
			isa = XCBuildConfiguration;
			buildSettings = {
				ALWAYS_SEARCH_USER_PATHS = NO;
				CLANG_ANALYZER_NONNULL = YES;
				CLANG_ANALYZER_NUMBER_OBJECT_CONVERSION = YES_AGGRESSIVE;
				CLANG_CXX_LANGUAGE_STANDARD = "gnu++14";
				CLANG_CXX_LIBRARY = "libc++";
				CLANG_ENABLE_MODULES = YES;
				CLANG_ENABLE_OBJC_ARC = YES;
				CLANG_WARN_BLOCK_CAPTURE_AUTORELEASING = YES;
				CLANG_WARN_BOOL_CONVERSION = YES;
				CLANG_WARN_COMMA = YES;
				CLANG_WARN_CONSTANT_CONVERSION = YES;
				CLANG_WARN_DIRECT_OBJC_ISA_USAGE = YES_ERROR;
				CLANG_WARN_DOCUMENTATION_COMMENTS = YES;
				CLANG_WARN_EMPTY_BODY = YES;
				CLANG_WARN_ENUM_CONVERSION = YES;
				CLANG_WARN_INFINITE_RECURSION = YES;
				CLANG_WARN_INT_CONVERSION = YES;
				CLANG_WARN_NON_LITERAL_NULL_CONVERSION = YES;
				CLANG_WARN_OBJC_LITERAL_CONVERSION = YES;
				CLANG_WARN_OBJC_ROOT_CLASS = YES_ERROR;
				CLANG_WARN_RANGE_LOOP_ANALYSIS = YES;
				CLANG_WARN_STRICT_PROTOTYPES = YES;
				CLANG_WARN_SUSPICIOUS_MOVE = YES;
				CLANG_WARN_UNGUARDED_AVAILABILITY = YES_AGGRESSIVE;
				CLANG_WARN_UNREACHABLE_CODE = YES;
				CLANG_WARN__DUPLICATE_METHOD_MATCH = YES;
				CODE_SIGN_IDENTITY = "iPhone Developer";
				COPY_PHASE_STRIP = NO;
				DEBUG_INFORMATION_FORMAT = "dwarf-with-dsym";
				ENABLE_NS_ASSERTIONS = NO;
				ENABLE_STRICT_OBJC_MSGSEND = YES;
				GCC_C_LANGUAGE_STANDARD = gnu11;
				GCC_NO_COMMON_BLOCKS = YES;
				GCC_WARN_64_TO_32_BIT_CONVERSION = YES;
				GCC_WARN_ABOUT_RETURN_TYPE = YES_ERROR;
				GCC_WARN_UNDECLARED_SELECTOR = YES;
				GCC_WARN_UNINITIALIZED_AUTOS = YES_AGGRESSIVE;
				GCC_WARN_UNUSED_FUNCTION = YES;
				GCC_WARN_UNUSED_VARIABLE = YES;
				IPHONEOS_DEPLOYMENT_TARGET = 11.1;
				MTL_ENABLE_DEBUG_INFO = NO;
				SDKROOT = iphoneos;
				VALIDATE_PRODUCT = YES;
			};
			name = Release;
		};
		C2DB92F11FEBA84A0091B151 /* Debug */ = {
			isa = XCBuildConfiguration;
			buildSettings = {
				ASSETCATALOG_COMPILER_APPICON_NAME = AppIcon;
				CODE_SIGN_STYLE = Automatic;
				DEVELOPMENT_TEAM = WZYSB9LL9F;
				INFOPLIST_FILE = "Hybrid-IOS/Info.plist";
				LD_RUNPATH_SEARCH_PATHS = "$(inherited) @executable_path/Frameworks";
				PRODUCT_BUNDLE_IDENTIFIER = com.fengdewang.IOSDemo3;
				PRODUCT_NAME = "$(TARGET_NAME)";
				TARGETED_DEVICE_FAMILY = 1;
			};
			name = Debug;
		};
		C2DB92F21FEBA84A0091B151 /* Release */ = {
			isa = XCBuildConfiguration;
			buildSettings = {
				ASSETCATALOG_COMPILER_APPICON_NAME = AppIcon;
				CODE_SIGN_STYLE = Automatic;
				DEVELOPMENT_TEAM = WZYSB9LL9F;
				INFOPLIST_FILE = "Hybrid-IOS/Info.plist";
				LD_RUNPATH_SEARCH_PATHS = "$(inherited) @executable_path/Frameworks";
				PRODUCT_BUNDLE_IDENTIFIER = com.fengdewang.IOSDemo3;
				PRODUCT_NAME = "$(TARGET_NAME)";
				TARGETED_DEVICE_FAMILY = 1;
			};
			name = Release;
		};
		C2DB92F41FEBA84A0091B151 /* Debug */ = {
			isa = XCBuildConfiguration;
			buildSettings = {
				BUNDLE_LOADER = "$(TEST_HOST)";
				CODE_SIGN_STYLE = Automatic;
				DEVELOPMENT_TEAM = WZYSB9LL9F;
				INFOPLIST_FILE = "Hybrid-IOSTests/Info.plist";
				LD_RUNPATH_SEARCH_PATHS = "$(inherited) @executable_path/Frameworks @loader_path/Frameworks";
				PRODUCT_BUNDLE_IDENTIFIER = "com.fengdewang.Hybrid-IOSTests";
				PRODUCT_NAME = "$(TARGET_NAME)";
				TARGETED_DEVICE_FAMILY = "1,2";
				TEST_HOST = "$(BUILT_PRODUCTS_DIR)/Hybrid-IOS.app/Hybrid-IOS";
			};
			name = Debug;
		};
		C2DB92F51FEBA84A0091B151 /* Release */ = {
			isa = XCBuildConfiguration;
			buildSettings = {
				BUNDLE_LOADER = "$(TEST_HOST)";
				CODE_SIGN_STYLE = Automatic;
				DEVELOPMENT_TEAM = WZYSB9LL9F;
				INFOPLIST_FILE = "Hybrid-IOSTests/Info.plist";
				LD_RUNPATH_SEARCH_PATHS = "$(inherited) @executable_path/Frameworks @loader_path/Frameworks";
				PRODUCT_BUNDLE_IDENTIFIER = "com.fengdewang.Hybrid-IOSTests";
				PRODUCT_NAME = "$(TARGET_NAME)";
				TARGETED_DEVICE_FAMILY = "1,2";
				TEST_HOST = "$(BUILT_PRODUCTS_DIR)/Hybrid-IOS.app/Hybrid-IOS";
			};
			name = Release;
		};
		C2DB92F71FEBA84A0091B151 /* Debug */ = {
			isa = XCBuildConfiguration;
			buildSettings = {
				CODE_SIGN_STYLE = Automatic;
				DEVELOPMENT_TEAM = WZYSB9LL9F;
				INFOPLIST_FILE = "Hybrid-IOSUITests/Info.plist";
				LD_RUNPATH_SEARCH_PATHS = "$(inherited) @executable_path/Frameworks @loader_path/Frameworks";
				PRODUCT_BUNDLE_IDENTIFIER = "com.fengdewang.Hybrid-IOSUITests";
				PRODUCT_NAME = "$(TARGET_NAME)";
				TARGETED_DEVICE_FAMILY = "1,2";
				TEST_TARGET_NAME = "Hybrid-IOS";
			};
			name = Debug;
		};
		C2DB92F81FEBA84A0091B151 /* Release */ = {
			isa = XCBuildConfiguration;
			buildSettings = {
				CODE_SIGN_STYLE = Automatic;
				DEVELOPMENT_TEAM = WZYSB9LL9F;
				INFOPLIST_FILE = "Hybrid-IOSUITests/Info.plist";
				LD_RUNPATH_SEARCH_PATHS = "$(inherited) @executable_path/Frameworks @loader_path/Frameworks";
				PRODUCT_BUNDLE_IDENTIFIER = "com.fengdewang.Hybrid-IOSUITests";
				PRODUCT_NAME = "$(TARGET_NAME)";
				TARGETED_DEVICE_FAMILY = "1,2";
				TEST_TARGET_NAME = "Hybrid-IOS";
			};
			name = Release;
		};
/* End XCBuildConfiguration section */

/* Begin XCConfigurationList section */
		C2DB92BF1FEBA8490091B151 /* Build configuration list for PBXProject "Hybrid-IOS" */ = {
			isa = XCConfigurationList;
			buildConfigurations = (
				C2DB92EE1FEBA84A0091B151 /* Debug */,
				C2DB92EF1FEBA84A0091B151 /* Release */,
			);
			defaultConfigurationIsVisible = 0;
			defaultConfigurationName = Release;
		};
		C2DB92F01FEBA84A0091B151 /* Build configuration list for PBXNativeTarget "Hybrid-IOS" */ = {
			isa = XCConfigurationList;
			buildConfigurations = (
				C2DB92F11FEBA84A0091B151 /* Debug */,
				C2DB92F21FEBA84A0091B151 /* Release */,
			);
			defaultConfigurationIsVisible = 0;
			defaultConfigurationName = Release;
		};
		C2DB92F31FEBA84A0091B151 /* Build configuration list for PBXNativeTarget "Hybrid-IOSTests" */ = {
			isa = XCConfigurationList;
			buildConfigurations = (
				C2DB92F41FEBA84A0091B151 /* Debug */,
				C2DB92F51FEBA84A0091B151 /* Release */,
			);
			defaultConfigurationIsVisible = 0;
			defaultConfigurationName = Release;
		};
		C2DB92F61FEBA84A0091B151 /* Build configuration list for PBXNativeTarget "Hybrid-IOSUITests" */ = {
			isa = XCConfigurationList;
			buildConfigurations = (
				C2DB92F71FEBA84A0091B151 /* Debug */,
				C2DB92F81FEBA84A0091B151 /* Release */,
			);
			defaultConfigurationIsVisible = 0;
			defaultConfigurationName = Release;
		};
/* End XCConfigurationList section */
	};
	rootObject = C2DB92BC1FEBA8490091B151 /* Project object */;
}
